
Microsoft Visual Studio Solution File, Format Version 12.00
# Visual Studio Version 16
VisualStudioVersion = 16.0.29911.84
MinimumVisualStudioVersion = 10.0.40219.1
Project("{FAE04EC0-301F-11D3-BF4B-00C04F79EFBC}") = "NMB", "NMB\NMB.csproj", "{37387FE3-5F67-44BB-9350-809D2A501B0B}"
EndProject
Global
	GlobalSection(SolutionConfigurationPlatforms) = preSolution
		Debug|Any CPU = Debug|Any CPU
		Release|Any CPU = Release|Any CPU
	EndGlobalSection
	GlobalSection(ProjectConfigurationPlatforms) = postSolution
		{37387FE3-5F67-44BB-9350-809D2A501B0B}.Debug|Any CPU.ActiveCfg = Debug|Any CPU
		{37387FE3-5F67-44BB-9350-809D2A501B0B}.Debug|Any CPU.Build.0 = Debug|Any CPU
		{37387FE3-5F67-44BB-9350-809D2A501B0B}.Release|Any CPU.ActiveCfg = Release|Any CPU
		{37387FE3-5F67-44BB-9350-809D2A501B0B}.Release|Any CPU.Build.0 = Release|Any CPU
	EndGlobalSection
	GlobalSection(SolutionProperties) = preSolution
		HideSolutionNode = FALSE
	EndGlobalSection
	GlobalSection(ExtensibilityGlobals) = postSolution
		SolutionGuid = {3DAF44BA-D67B-4F6C-BC75-F16D3CEE727C}
	EndGlobalSection
EndGlobal
